// !$*UTF8*$!
{
	archiveVersion = 1;
	classes = {
	};
	objectVersion = 77;
	objects = {

/* Begin PBXContainerItemProxy section */
		D51DBFDD2F3A381700D4017B /* PBXContainerItemProxy */ = {
			isa = PBXContainerItemProxy;
			containerPortal = D51DBFBE2F3A381500D4017B /* Project object */;
			proxyType = 1;
			remoteGlobalIDString = D51DBFC52F3A381500D4017B;
			remoteInfo = "Object-Verification-iOS";
		};
		D51DBFE72F3A381700D4017B /* PBXContainerItemProxy */ = {
			isa = PBXContainerItemProxy;
			containerPortal = D51DBFBE2F3A381500D4017B /* Project object */;
			proxyType = 1;
			remoteGlobalIDString = D51DBFC52F3A381500D4017B;
			remoteInfo = "Object-Verification-iOS";
		};
/* End PBXContainerItemProxy section */

/* Begin PBXFileReference section */
		D51DBFC62F3A381500D4017B /* Object-Verification-iOS.app */ = {isa = PBXFileReference; explicitFileType = wrapper.application; includeInIndex = 0; path = "Object-Verification-iOS.app"; sourceTree = BUILT_PRODUCTS_DIR; };
		D51DBFDC2F3A381700D4017B /* Object-Verification-iOSTests.xctest */ = {isa = PBXFileReference; explicitFileType = wrapper.cfbundle; includeInIndex = 0; path = "Object-Verification-iOSTests.xctest"; sourceTree = BUILT_PRODUCTS_DIR; };
		D51DBFE62F3A381700D4017B /* Object-Verification-iOSUITests.xctest */ = {isa = PBXFileReference; explicitFileType = wrapper.cfbundle; includeInIndex = 0; path = "Object-Verification-iOSUITests.xctest"; sourceTree = BUILT_PRODUCTS_DIR; };
/* End PBXFileReference section */

/* Begin PBXFileSystemSynchronizedBuildFileExceptionSet section */
		D51DBFEE2F3A381700D4017B /* Exceptions for "Object-Verification-iOS" folder in "Object-Verification-iOS" target */ = {
			isa = PBXFileSystemSynchronizedBuildFileExceptionSet;
			membershipExceptions = (
				Info.plist,
			);
			target = D51DBFC52F3A381500D4017B /* Object-Verification-iOS */;
		};
/* End PBXFileSystemSynchronizedBuildFileExceptionSet section */

/* Begin PBXFileSystemSynchronizedRootGroup section */
		D51DBFC82F3A381500D4017B /* Object-Verification-iOS */ = {
			isa = PBXFileSystemSynchronizedRootGroup;
			exceptions = (
				D51DBFEE2F3A381700D4017B /* Exceptions for "Object-Verification-iOS" folder in "Object-Verification-iOS" target */,
			);
			path = "Object-Verification-iOS";
			sourceTree = "<group>";
		};
		D51DBFDF2F3A381700D4017B /* Object-Verification-iOSTests */ = {
			isa = PBXFileSystemSynchronizedRootGroup;
			path = "Object-Verification-iOSTests";
			sourceTree = "<group>";
		};
		D51DBFE92F3A381700D4017B /* Object-Verification-iOSUITests */ = {
			isa = PBXFileSystemSynchronizedRootGroup;
			path = "Object-Verification-iOSUITests";
			sourceTree = "<group>";
		};
/* End PBXFileSystemSynchronizedRootGroup section */

/* Begin PBXFrameworksBuildPhase section */
		D51DBFC32F3A381500D4017B /* Frameworks */ = {
			isa = PBXFrameworksBuildPhase;
			buildActionMask = 2147483647;
			files = (
			);
			runOnlyForDeploymentPostprocessing = 0;
		};
		D51DBFD92F3A381700D4017B /* Frameworks */ = {
			isa = PBXFrameworksBuildPhase;
			buildActionMask = 2147483647;
			files = (
			);
			runOnlyForDeploymentPostprocessing = 0;
		};
		D51DBFE32F3A381700D4017B /* Frameworks */ = {
			isa = PBXFrameworksBuildPhase;
			buildActionMask = 2147483647;
			files = (
			);
			runOnlyForDeploymentPostprocessing = 0;
		};
/* End PBXFrameworksBuildPhase section */

/* Begin PBXGroup section */
		D51DBFBD2F3A381500D4017B = {
			isa = PBXGroup;
			children = (
				D51DBFC82F3A381500D4017B /* Object-Verification-iOS */,
				D51DBFDF2F3A381700D4017B /* Object-Verification-iOSTests */,
				D51DBFE92F3A381700D4017B /* Object-Verification-iOSUITests */,
				D51DBFC72F3A381500D4017B /* Products */,
			);
			sourceTree = "<group>";
		};
		D51DBFC72F3A381500D4017B /* Products */ = {
			isa = PBXGroup;
			children = (
				D51DBFC62F3A381500D4017B /* Object-Verification-iOS.app */,
				D51DBFDC2F3A381700D4017B /* Object-Verification-iOSTests.xctest */,
				D51DBFE62F3A381700D4017B /* Object-Verification-iOSUITests.xctest */,
			);
			name = Products;
			sourceTree = "<group>";
		};
/* End PBXGroup section */

/* Begin PBXNativeTarget section */
		D51DBFC52F3A381500D4017B /* Object-Verification-iOS */ = {
			isa = PBXNativeTarget;
			buildConfigurationList = D51DBFEF2F3A381700D4017B /* Build configuration list for PBXNativeTarget "Object-Verification-iOS" */;
			buildPhases = (
				D51DBFC22F3A381500D4017B /* Sources */,
				D51DBFC32F3A381500D4017B /* Frameworks */,
				D51DBFC42F3A381500D4017B /* Resources */,
			);
			buildRules = (
			);
			dependencies = (
			);
			fileSystemSynchronizedGroups = (
				D51DBFC82F3A381500D4017B /* Object-Verification-iOS */,
			);
			name = "Object-Verification-iOS";
			packageProductDependencies = (
			);
			productName = "Object-Verification-iOS";
			productReference = D51DBFC62F3A381500D4017B /* Object-Verification-iOS.app */;
			productType = "com.apple.product-type.application";
		};
		D51DBFDB2F3A381700D4017B /* Object-Verification-iOSTests */ = {
			isa = PBXNativeTarget;
			buildConfigurationList = D51DBFF42F3A381700D4017B /* Build configuration list for PBXNativeTarget "Object-Verification-iOSTests" */;
			buildPhases = (
				D51DBFD82F3A381700D4017B /* Sources */,
				D51DBFD92F3A381700D4017B /* Frameworks */,
				D51DBFDA2F3A381700D4017B /* Resources */,
			);
			buildRules = (
			);
			dependencies = (
				D51DBFDE2F3A381700D4017B /* PBXTargetDependency */,
			);
			fileSystemSynchronizedGroups = (
				D51DBFDF2F3A381700D4017B /* Object-Verification-iOSTests */,
			);
			name = "Object-Verification-iOSTests";
			packageProductDependencies = (
			);
			productName = "Object-Verification-iOSTests";
			productReference = D51DBFDC2F3A381700D4017B /* Object-Verification-iOSTests.xctest */;
			productType = "com.apple.product-type.bundle.unit-test";
		};
		D51DBFE52F3A381700D4017B /* Object-Verification-iOSUITests */ = {
			isa = PBXNativeTarget;
			buildConfigurationList = D51DBFF72F3A381700D4017B /* Build configuration list for PBXNativeTarget "Object-Verification-iOSUITests" */;
			buildPhases = (
				D51DBFE22F3A381700D4017B /* Sources */,
				D51DBFE32F3A381700D4017B /* Frameworks */,
				D51DBFE42F3A381700D4017B /* Resources */,
			);
			buildRules = (
			);
			dependencies = (
				D51DBFE82F3A381700D4017B /* PBXTargetDependency */,
			);
			fileSystemSynchronizedGroups = (
				D51DBFE92F3A381700D4017B /* Object-Verification-iOSUITests */,
			);
			name = "Object-Verification-iOSUITests";
			packageProductDependencies = (
			);
			productName = "Object-Verification-iOSUITests";
			productReference = D51DBFE62F3A381700D4017B /* Object-Verification-iOSUITests.xctest */;
			productType = "com.apple.product-type.bundle.ui-testing";
		};
/* End PBXNativeTarget section */

/* Begin PBXProject section */
		D51DBFBE2F3A381500D4017B /* Project object */ = {
			isa = PBXProject;
			attributes = {
				BuildIndependentTargetsInParallel = 1;
				LastSwiftUpdateCheck = 2620;
				LastUpgradeCheck = 2620;
				TargetAttributes = {
					D51DBFC52F3A381500D4017B = {
						CreatedOnToolsVersion = 26.2;
					};
					D51DBFDB2F3A381700D4017B = {
						CreatedOnToolsVersion = 26.2;
						TestTargetID = D51DBFC52F3A381500D4017B;
					};
					D51DBFE52F3A381700D4017B = {
						CreatedOnToolsVersion = 26.2;
						TestTargetID = D51DBFC52F3A381500D4017B;
					};
				};
			};
			buildConfigurationList = D51DBFC12F3A381500D4017B /* Build configuration list for PBXProject "Object-Verification-iOS" */;
			developmentRegion = en;
			hasScannedForEncodings = 0;
			knownRegions = (
				en,
				Base,
			);
			mainGroup = D51DBFBD2F3A381500D4017B;
			minimizedProjectReferenceProxies = 1;
			preferredProjectObjectVersion = 77;
			productRefGroup = D51DBFC72F3A381500D4017B /* Products */;
			projectDirPath = "";
			projectRoot = "";
			targets = (
				D51DBFC52F3A381500D4017B /* Object-Verification-iOS */,
				D51DBFDB2F3A381700D4017B /* Object-Verification-iOSTests */,
				D51DBFE52F3A381700D4017B /* Object-Verification-iOSUITests */,
			);
		};
/* End PBXProject section */

/* Begin PBXResourcesBuildPhase section */
		D51DBFC42F3A381500D4017B /* Resources */ = {
			isa = PBXResourcesBuildPhase;
			buildActionMask = 2147483647;
			files = (
			);
			runOnlyForDeploymentPostprocessing = 0;
		};
		D51DBFDA2F3A381700D4017B /* Resources */ = {
			isa = PBXResourcesBuildPhase;
			buildActionMask = 2147483647;
			files = (
			);
			runOnlyForDeploymentPostprocessing = 0;
		};
		D51DBFE42F3A381700D4017B /* Resources */ = {
			isa = PBXResourcesBuildPhase;
			buildActionMask = 2147483647;
			files = (
			);
			runOnlyForDeploymentPostprocessing = 0;
		};
/* End PBXResourcesBuildPhase section */

/* Begin PBXSourcesBuildPhase section */
		D51DBFC22F3A381500D4017B /* Sources */ = {
			isa = PBXSourcesBuildPhase;
			buildActionMask = 2147483647;
			files = (
			);
			runOnlyForDeploymentPostprocessing = 0;
		};
		D51DBFD82F3A381700D4017B /* Sources */ = {
			isa = PBXSourcesBuildPhase;
			buildActionMask = 2147483647;
			files = (
			);
			runOnlyForDeploymentPostprocessing = 0;
		};
		D51DBFE22F3A381700D4017B /* Sources */ = {
			isa = PBXSourcesBuildPhase;
			buildActionMask = 2147483647;
			files = (
			);
			runOnlyForDeploymentPostprocessing = 0;
		};
/* End PBXSourcesBuildPhase section */

/* Begin PBXTargetDependency section */
		D51DBFDE2F3A381700D4017B /* PBXTargetDependency */ = {
			isa = PBXTargetDependency;
			target = D51DBFC52F3A381500D4017B /* Object-Verification-iOS */;
			targetProxy = D51DBFDD2F3A381700D4017B /* PBXContainerItemProxy */;
		};
		D51DBFE82F3A381700D4017B /* PBXTargetDependency */ = {
			isa = PBXTargetDependency;
			target = D51DBFC52F3A381500D4017B /* Object-Verification-iOS */;
			targetProxy = D51DBFE72F3A381700D4017B /* PBXContainerItemProxy */;
		};
/* End PBXTargetDependency section */

/* Begin XCBuildConfiguration section */
		D51DBFF02F3A381700D4017B /* Debug */ = {
			isa = XCBuildConfiguration;
			buildSettings = {
				ASSETCATALOG_COMPILER_APPICON_NAME = AppIcon;
				ASSETCATALOG_COMPILER_GLOBAL_ACCENT_COLOR_NAME = AccentColor;
				CODE_SIGN_STYLE = Automatic;
				CURRENT_PROJECT_VERSION = 1;
				DEVELOPMENT_TEAM = RGC4NW33H6;
				GENERATE_INFOPLIST_FILE = YES;
				INFOPLIST_FILE = "Object-Verification-iOS/Info.plist";
				INFOPLIST_KEY_UIApplicationSupportsIndirectInputEvents = YES;
				INFOPLIST_KEY_UILaunchStoryboardName = LaunchScreen;
				INFOPLIST_KEY_UIMainStoryboardFile = Main;
				INFOPLIST_KEY_UISupportedInterfaceOrientations_iPad = "UIInterfaceOrientationPortrait UIInterfaceOrientationPortraitUpsideDown UIInterfaceOrientationLandscapeLeft UIInterfaceOrientationLandscapeRight";
				INFOPLIST_KEY_UISupportedInterfaceOrientations_iPhone = "UIInterfaceOrientationPortrait UIInterfaceOrientationLandscapeLeft UIInterfaceOrientationLandscapeRight";
				LD_RUNPATH_SEARCH_PATHS = (
					"$(inherited)",
					"@executable_path/Frameworks",
				);
				MARKETING_VERSION = 1.0;
				PRODUCT_BUNDLE_IDENTIFIER = "com.gsk.Object-Verification-iOS";
				PRODUCT_NAME = "$(TARGET_NAME)";
				STRING_CATALOG_GENERATE_SYMBOLS = YES;
				SWIFT_APPROACHABLE_CONCURRENCY = YES;
				SWIFT_DEFAULT_ACTOR_ISOLATION = MainActor;
				SWIFT_EMIT_LOC_STRINGS = YES;
				SWIFT_UPCOMING_FEATURE_MEMBER_IMPORT_VISIBILITY = YES;
				SWIFT_VERSION = 5.0;
				TARGETED_DEVICE_FAMILY = "1,2";
			};
			name = Debug;
		};
		D51DBFF12F3A381700D4017B /* Release */ = {
			isa = XCBuildConfiguration;
			buildSettings = {
				ASSETCATALOG_COMPILER_APPICON_NAME = AppIcon;
				ASSETCATALOG_COMPILER_GLOBAL_ACCENT_COLOR_NAME = AccentColor;
				CODE_SIGN_STYLE = Automatic;
				CURRENT_PROJECT_VERSION = 1;
				DEVELOPMENT_TEAM = RGC4NW33H6;
				GENERATE_INFOPLIST_FILE = YES;
				INFOPLIST_FILE = "Object-Verification-iOS/Info.plist";
				INFOPLIST_KEY_UIApplicationSupportsIndirectInputEvents = YES;
				INFOPLIST_KEY_UILaunchStoryboardName = LaunchScreen;
				INFOPLIST_KEY_UIMainStoryboardFile = Main;
				INFOPLIST_KEY_UISupportedInterfaceOrientations_iPad = "UIInterfaceOrientationPortrait UIInterfaceOrientationPortraitUpsideDown UIInterfaceOrientationLandscapeLeft UIInterfaceOrientationLandscapeRight";
				INFOPLIST_KEY_UISupportedInterfaceOrientations_iPhone = "UIInterfaceOrientationPortrait UIInterfaceOrientationLandscapeLeft UIInterfaceOrientationLandscapeRight";
				LD_RUNPATH_SEARCH_PATHS = (
					"$(inherited)",
					"@executable_path/Frameworks",
				);
				MARKETING_VERSION = 1.0;
				PRODUCT_BUNDLE_IDENTIFIER = "com.gsk.Object-Verification-iOS";
				PRODUCT_NAME = "$(TARGET_NAME)";
				STRING_CATALOG_GENERATE_SYMBOLS = YES;
				SWIFT_APPROACHABLE_CONCURRENCY = YES;
				SWIFT_DEFAULT_ACTOR_ISOLATION = MainActor;
				SWIFT_EMIT_LOC_STRINGS = YES;
				SWIFT_UPCOMING_FEATURE_MEMBER_IMPORT_VISIBILITY = YES;
				SWIFT_VERSION = 5.0;
				TARGETED_DEVICE_FAMILY = "1,2";
			};
			name = Release;
		};
		D51DBFF22F3A381700D4017B /* Debug */ = {
			isa = XCBuildConfiguration;
			buildSettings = {
				ALWAYS_SEARCH_USER_PATHS = NO;
				ASSETCATALOG_COMPILER_GENERATE_SWIFT_ASSET_SYMBOL_EXTENSIONS = YES;
				CLANG_ANALYZER_NONNULL = YES;
				CLANG_ANALYZER_NUMBER_OBJECT_CONVERSION = YES_AGGRESSIVE;
				CLANG_CXX_LANGUAGE_STANDARD = "gnu++20";
				CLANG_ENABLE_MODULES = YES;
				CLANG_ENABLE_OBJC_ARC = YES;
				CLANG_ENABLE_OBJC_WEAK = YES;
				CLANG_WARN_BLOCK_CAPTURE_AUTORELEASING = YES;
				CLANG_WARN_BOOL_CONVERSION = YES;
				CLANG_WARN_COMMA = YES;
				CLANG_WARN_CONSTANT_CONVERSION = YES;
				CLANG_WARN_DEPRECATED_OBJC_IMPLEMENTATIONS = YES;
				CLANG_WARN_DIRECT_OBJC_ISA_USAGE = YES_ERROR;
				CLANG_WARN_DOCUMENTATION_COMMENTS = YES;
				CLANG_WARN_EMPTY_BODY = YES;
				CLANG_WARN_ENUM_CONVERSION = YES;
				CLANG_WARN_INFINITE_RECURSION = YES;
				CLANG_WARN_INT_CONVERSION = YES;
				CLANG_WARN_NON_LITERAL_NULL_CONVERSION = YES;
				CLANG_WARN_OBJC_IMPLICIT_RETAIN_SELF = YES;
				CLANG_WARN_OBJC_LITERAL_CONVERSION = YES;
				CLANG_WARN_OBJC_ROOT_CLASS = YES_ERROR;
				CLANG_WARN_QUOTED_INCLUDE_IN_FRAMEWORK_HEADER = YES;
				CLANG_WARN_RANGE_LOOP_ANALYSIS = YES;
				CLANG_WARN_STRICT_PROTOTYPES = YES;
				CLANG_WARN_SUSPICIOUS_MOVE = YES;
				CLANG_WARN_UNGUARDED_AVAILABILITY = YES_AGGRESSIVE;
				CLANG_WARN_UNREACHABLE_CODE = YES;
				CLANG_WARN__DUPLICATE_METHOD_MATCH = YES;
				COPY_PHASE_STRIP = NO;
				DEBUG_INFORMATION_FORMAT = dwarf;
				DEVELOPMENT_TEAM = RGC4NW33H6;
				ENABLE_STRICT_OBJC_MSGSEND = YES;
				ENABLE_TESTABILITY = YES;
				ENABLE_USER_SCRIPT_SANDBOXING = YES;
				GCC_C_LANGUAGE_STANDARD = gnu17;
				GCC_DYNAMIC_NO_PIC = NO;
				GCC_NO_COMMON_BLOCKS = YES;
				GCC_OPTIMIZATION_LEVEL = 0;
				GCC_PREPROCESSOR_DEFINITIONS = (
					"DEBUG=1",
					"$(inherited)",
				);
				GCC_WARN_64_TO_32_BIT_CONVERSION = YES;
				GCC_WARN_ABOUT_RETURN_TYPE = YES_ERROR;
				GCC_WARN_UNDECLARED_SELECTOR = YES;
				GCC_WARN_UNINITIALIZED_AUTOS = YES_AGGRESSIVE;
				GCC_WARN_UNUSED_FUNCTION = YES;
				GCC_WARN_UNUSED_VARIABLE = YES;
				IPHONEOS_DEPLOYMENT_TARGET = 26.2;
				LOCALIZATION_PREFERS_STRING_CATALOGS = YES;
				MTL_ENABLE_DEBUG_INFO = INCLUDE_SOURCE;
				MTL_FAST_MATH = YES;
				ONLY_ACTIVE_ARCH = YES;
				SDKROOT = iphoneos;
				SWIFT_ACTIVE_COMPILATION_CONDITIONS = "DEBUG $(inherited)";
				SWIFT_OPTIMIZATION_LEVEL = "-Onone";
			};
			name = Debug;
		};
		D51DBFF32F3A381700D4017B /* Release */ = {
			isa = XCBuildConfiguration;
			buildSettings = {
				ALWAYS_SEARCH_USER_PATHS = NO;
				ASSETCATALOG_COMPILER_GENERATE_SWIFT_ASSET_SYMBOL_EXTENSIONS = YES;
				CLANG_ANALYZER_NONNULL = YES;
				CLANG_ANALYZER_NUMBER_OBJECT_CONVERSION = YES_AGGRESSIVE;
				CLANG_CXX_LANGUAGE_STANDARD = "gnu++20";
				CLANG_ENABLE_MODULES = YES;
				CLANG_ENABLE_OBJC_ARC = YES;
				CLANG_ENABLE_OBJC_WEAK = YES;
				CLANG_WARN_BLOCK_CAPTURE_AUTORELEASING = YES;
				CLANG_WARN_BOOL_CONVERSION = YES;
				CLANG_WARN_COMMA = YES;
				CLANG_WARN_CONSTANT_CONVERSION = YES;
				CLANG_WARN_DEPRECATED_OBJC_IMPLEMENTATIONS = YES;
				CLANG_WARN_DIRECT_OBJC_ISA_USAGE = YES_ERROR;
				CLANG_WARN_DOCUMENTATION_COMMENTS = YES;
				CLANG_WARN_EMPTY_BODY = YES;
				CLANG_WARN_ENUM_CONVERSION = YES;
				CLANG_WARN_INFINITE_RECURSION = YES;
				CLANG_WARN_INT_CONVERSION = YES;
				CLANG_WARN_NON_LITERAL_NULL_CONVERSION = YES;
				CLANG_WARN_OBJC_IMPLICIT_RETAIN_SELF = YES;
				CLANG_WARN_OBJC_LITERAL_CONVERSION = YES;
				CLANG_WARN_OBJC_ROOT_CLASS = YES_ERROR;
				CLANG_WARN_QUOTED_INCLUDE_IN_FRAMEWORK_HEADER = YES;
				CLANG_WARN_RANGE_LOOP_ANALYSIS = YES;
				CLANG_WARN_STRICT_PROTOTYPES = YES;
				CLANG_WARN_SUSPICIOUS_MOVE = YES;
				CLANG_WARN_UNGUARDED_AVAILABILITY = YES_AGGRESSIVE;
				CLANG_WARN_UNREACHABLE_CODE = YES;
				CLANG_WARN__DUPLICATE_METHOD_MATCH = YES;
				COPY_PHASE_STRIP = NO;
				DEBUG_INFORMATION_FORMAT = "dwarf-with-dsym";
				DEVELOPMENT_TEAM = RGC4NW33H6;
				ENABLE_NS_ASSERTIONS = NO;
				ENABLE_STRICT_OBJC_MSGSEND = YES;
				ENABLE_USER_SCRIPT_SANDBOXING = YES;
				GCC_C_LANGUAGE_STANDARD = gnu17;
				GCC_NO_COMMON_BLOCKS = YES;
				GCC_WARN_64_TO_32_BIT_CONVERSION = YES;
				GCC_WARN_ABOUT_RETURN_TYPE = YES_ERROR;
				GCC_WARN_UNDECLARED_SELECTOR = YES;
				GCC_WARN_UNINITIALIZED_AUTOS = YES_AGGRESSIVE;
				GCC_WARN_UNUSED_FUNCTION = YES;
				GCC_WARN_UNUSED_VARIABLE = YES;
				IPHONEOS_DEPLOYMENT_TARGET = 26.2;
				LOCALIZATION_PREFERS_STRING_CATALOGS = YES;
				MTL_ENABLE_DEBUG_INFO = NO;
				MTL_FAST_MATH = YES;
				SDKROOT = iphoneos;
				SWIFT_COMPILATION_MODE = wholemodule;
				VALIDATE_PRODUCT = YES;
			};
			name = Release;
		};
		D51DBFF52F3A381700D4017B /* Debug */ = {
			isa = XCBuildConfiguration;
			buildSettings = {
				BUNDLE_LOADER = "$(TEST_HOST)";
				CODE_SIGN_STYLE = Automatic;
				CURRENT_PROJECT_VERSION = 1;
				DEVELOPMENT_TEAM = RGC4NW33H6;
				GENERATE_INFOPLIST_FILE = YES;
				IPHONEOS_DEPLOYMENT_TARGET = 26.2;
				MARKETING_VERSION = 1.0;
				PRODUCT_BUNDLE_IDENTIFIER = "com.gsk.Object-Verification-iOSTests";
				PRODUCT_NAME = "$(TARGET_NAME)";
				STRING_CATALOG_GENERATE_SYMBOLS = NO;
				SWIFT_APPROACHABLE_CONCURRENCY = YES;
				SWIFT_EMIT_LOC_STRINGS = NO;
				SWIFT_UPCOMING_FEATURE_MEMBER_IMPORT_VISIBILITY = YES;
				SWIFT_VERSION = 5.0;
				TARGETED_DEVICE_FAMILY = "1,2";
				TEST_HOST = "$(BUILT_PRODUCTS_DIR)/Object-Verification-iOS.app/$(BUNDLE_EXECUTABLE_FOLDER_PATH)/Object-Verification-iOS";
			};
			name = Debug;
		};
		D51DBFF62F3A381700D4017B /* Release */ = {
			isa = XCBuildConfiguration;
			buildSettings = {
				BUNDLE_LOADER = "$(TEST_HOST)";
				CODE_SIGN_STYLE = Automatic;
				CURRENT_PROJECT_VERSION = 1;
				DEVELOPMENT_TEAM = RGC4NW33H6;
				GENERATE_INFOPLIST_FILE = YES;
				IPHONEOS_DEPLOYMENT_TARGET = 26.2;
				MARKETING_VERSION = 1.0;
				PRODUCT_BUNDLE_IDENTIFIER = "com.gsk.Object-Verification-iOSTests";
				PRODUCT_NAME = "$(TARGET_NAME)";
				STRING_CATALOG_GENERATE_SYMBOLS = NO;
				SWIFT_APPROACHABLE_CONCURRENCY = YES;
				SWIFT_EMIT_LOC_STRINGS = NO;
				SWIFT_UPCOMING_FEATURE_MEMBER_IMPORT_VISIBILITY = YES;
				SWIFT_VERSION = 5.0;
				TARGETED_DEVICE_FAMILY = "1,2";
				TEST_HOST = "$(BUILT_PRODUCTS_DIR)/Object-Verification-iOS.app/$(BUNDLE_EXECUTABLE_FOLDER_PATH)/Object-Verification-iOS";
			};
			name = Release;
		};
		D51DBFF82F3A381700D4017B /* Debug */ = {
			isa = XCBuildConfiguration;
			buildSettings = {
				CODE_SIGN_STYLE = Automatic;
				CURRENT_PROJECT_VERSION = 1;
				DEVELOPMENT_TEAM = RGC4NW33H6;
				GENERATE_INFOPLIST_FILE = YES;
				MARKETING_VERSION = 1.0;
				PRODUCT_BUNDLE_IDENTIFIER = "com.gsk.Object-Verification-iOSUITests";
				PRODUCT_NAME = "$(TARGET_NAME)";
				STRING_CATALOG_GENERATE_SYMBOLS = NO;
				SWIFT_APPROACHABLE_CONCURRENCY = YES;
				SWIFT_EMIT_LOC_STRINGS = NO;
				SWIFT_UPCOMING_FEATURE_MEMBER_IMPORT_VISIBILITY = YES;
				SWIFT_VERSION = 5.0;
				TARGETED_DEVICE_FAMILY = "1,2";
				TEST_TARGET_NAME = "Object-Verification-iOS";
			};
			name = Debug;
		};
		D51DBFF92F3A381700D4017B /* Release */ = {
			isa = XCBuildConfiguration;
			buildSettings = {
				CODE_SIGN_STYLE = Automatic;
				CURRENT_PROJECT_VERSION = 1;
				DEVELOPMENT_TEAM = RGC4NW33H6;
				GENERATE_INFOPLIST_FILE = YES;
				MARKETING_VERSION = 1.0;
				PRODUCT_BUNDLE_IDENTIFIER = "com.gsk.Object-Verification-iOSUITests";
				PRODUCT_NAME = "$(TARGET_NAME)";
				STRING_CATALOG_GENERATE_SYMBOLS = NO;
				SWIFT_APPROACHABLE_CONCURRENCY = YES;
				SWIFT_EMIT_LOC_STRINGS = NO;
				SWIFT_UPCOMING_FEATURE_MEMBER_IMPORT_VISIBILITY = YES;
				SWIFT_VERSION = 5.0;
				TARGETED_DEVICE_FAMILY = "1,2";
				TEST_TARGET_NAME = "Object-Verification-iOS";
			};
			name = Release;
		};
/* End XCBuildConfiguration section */

/* Begin XCConfigurationList section */
		D51DBFC12F3A381500D4017B /* Build configuration list for PBXProject "Object-Verification-iOS" */ = {
			isa = XCConfigurationList;
			buildConfigurations = (
				D51DBFF22F3A381700D4017B /* Debug */,
				D51DBFF32F3A381700D4017B /* Release */,
			);
			defaultConfigurationIsVisible = 0;
			defaultConfigurationName = Release;
		};
		D51DBFEF2F3A381700D4017B /* Build configuration list for PBXNativeTarget "Object-Verification-iOS" */ = {
			isa = XCConfigurationList;
			buildConfigurations = (
				D51DBFF02F3A381700D4017B /* Debug */,
				D51DBFF12F3A381700D4017B /* Release */,
			);
			defaultConfigurationIsVisible = 0;
			defaultConfigurationName = Release;
		};
		D51DBFF42F3A381700D4017B /* Build configuration list for PBXNativeTarget "Object-Verification-iOSTests" */ = {
			isa = XCConfigurationList;
			buildConfigurations = (
				D51DBFF52F3A381700D4017B /* Debug */,
				D51DBFF62F3A381700D4017B /* Release */,
			);
			defaultConfigurationIsVisible = 0;
			defaultConfigurationName = Release;
		};
		D51DBFF72F3A381700D4017B /* Build configuration list for PBXNativeTarget "Object-Verification-iOSUITests" */ = {
			isa = XCConfigurationList;
			buildConfigurations = (
				D51DBFF82F3A381700D4017B /* Debug */,
				D51DBFF92F3A381700D4017B /* Release */,
			);
			defaultConfigurationIsVisible = 0;
			defaultConfigurationName = Release;
		};
/* End XCConfigurationList section */
	};
	rootObject = D51DBFBE2F3A381500D4017B /* Project object */;
}
